
Microsoft Visual Studio Solution File, Format Version 12.00
# Visual Studio Version 17
VisualStudioVersion = 17.9.34310.174
MinimumVisualStudioVersion = 10.0.40219.1
Project("{9A19103F-16F7-4668-BE54-9A1E7A4F7556}") = "MyApp", "MyApp\MyApp.csproj", "{C3DFC391-5288-4D82-823C-04532466A75E}"
EndProject
Project("{9A19103F-16F7-4668-BE54-9A1E7A4F7556}") = "MyApp.Client", "MyApp.Client\MyApp.Client.csproj", "{FBC644E7-ED05-47F1-88AE-BF4D733C6346}"
EndProject
Project("{9A19103F-16F7-4668-BE54-9A1E7A4F7556}") = "MyApp.ServiceInterface", "MyApp.ServiceInterface\MyApp.ServiceInterface.csproj", "{B22805C2-0712-4EDE-A5FC-BB43BE917599}"
EndProject
Project("{9A19103F-16F7-4668-BE54-9A1E7A4F7556}") = "MyApp.ServiceModel", "MyApp.ServiceModel\MyApp.ServiceModel.csproj", "{3FB3D30C-92B9-4AEA-8EB4-2225E64774B8}"
EndProject
Project("{9A19103F-16F7-4668-BE54-9A1E7A4F7556}") = "MyApp.Tests", "MyApp.Tests\MyApp.Tests.csproj", "{74296D94-0B8A-427B-882D-3B79D7E391C4}"
EndProject
Global
	GlobalSection(SolutionConfigurationPlatforms) = preSolution
		Debug|Any CPU = Debug|Any CPU
		Release|Any CPU = Release|Any CPU
	EndGlobalSection
	GlobalSection(ProjectConfigurationPlatforms) = postSolution
		{C3DFC391-5288-4D82-823C-04532466A75E}.Debug|Any CPU.ActiveCfg = Debug|Any CPU
		{C3DFC391-5288-4D82-823C-04532466A75E}.Debug|Any CPU.Build.0 = Debug|Any CPU
		{C3DFC391-5288-4D82-823C-04532466A75E}.Release|Any CPU.ActiveCfg = Release|Any CPU
		{C3DFC391-5288-4D82-823C-04532466A75E}.Release|Any CPU.Build.0 = Release|Any CPU
		{FBC644E7-ED05-47F1-88AE-BF4D733C6346}.Debug|Any CPU.ActiveCfg = Debug|Any CPU
		{FBC644E7-ED05-47F1-88AE-BF4D733C6346}.Debug|Any CPU.Build.0 = Debug|Any CPU
		{FBC644E7-ED05-47F1-88AE-BF4D733C6346}.Release|Any CPU.ActiveCfg = Release|Any CPU
		{FBC644E7-ED05-47F1-88AE-BF4D733C6346}.Release|Any CPU.Build.0 = Release|Any CPU
		{B22805C2-0712-4EDE-A5FC-BB43BE917599}.Debug|Any CPU.ActiveCfg = Debug|Any CPU
		{B22805C2-0712-4EDE-A5FC-BB43BE917599}.Debug|Any CPU.Build.0 = Debug|Any CPU
		{B22805C2-0712-4EDE-A5FC-BB43BE917599}.Release|Any CPU.ActiveCfg = Release|Any CPU
		{B22805C2-0712-4EDE-A5FC-BB43BE917599}.Release|Any CPU.Build.0 = Release|Any CPU
		{3FB3D30C-92B9-4AEA-8EB4-2225E64774B8}.Debug|Any CPU.ActiveCfg = Debug|Any CPU
		{3FB3D30C-92B9-4AEA-8EB4-2225E64774B8}.Debug|Any CPU.Build.0 = Debug|Any CPU
		{3FB3D30C-92B9-4AEA-8EB4-2225E64774B8}.Release|Any CPU.ActiveCfg = Release|Any CPU
		{3FB3D30C-92B9-4AEA-8EB4-2225E64774B8}.Release|Any CPU.Build.0 = Release|Any CPU
		{74296D94-0B8A-427B-882D-3B79D7E391C4}.Debug|Any CPU.ActiveCfg = Debug|Any CPU
		{74296D94-0B8A-427B-882D-3B79D7E391C4}.Debug|Any CPU.Build.0 = Debug|Any CPU
		{74296D94-0B8A-427B-882D-3B79D7E391C4}.Release|Any CPU.ActiveCfg = Release|Any CPU
		{74296D94-0B8A-427B-882D-3B79D7E391C4}.Release|Any CPU.Build.0 = Release|Any CPU
	EndGlobalSection
	GlobalSection(SolutionProperties) = preSolution
		HideSolutionNode = FALSE
	EndGlobalSection
	GlobalSection(ExtensibilityGlobals) = postSolution
		SolutionGuid = {A7E3AD7D-DEDE-4916-9E8F-40179B76F2F5}
	EndGlobalSection
EndGlobal
